// !$*UTF8*$!
{
	archiveVersion = 1;
	classes = {
	};
	objectVersion = 50;
	objects = {

/* Begin PBXBuildFile section */
		923B5D7E27B66E1B000C91AC /* AppDelegate.swift in Sources */ = {isa = PBXBuildFile; fileRef = 923B5D7D27B66E1B000C91AC /* AppDelegate.swift */; };
		923B5D8527B66E1B000C91AC /* Main.storyboard in Resources */ = {isa = PBXBuildFile; fileRef = 923B5D8327B66E1B000C91AC /* Main.storyboard */; };
		923B5D8727B66E1C000C91AC /* Assets.xcassets in Resources */ = {isa = PBXBuildFile; fileRef = 923B5D8627B66E1C000C91AC /* Assets.xcassets */; };
		923B5D8A27B66E1C000C91AC /* LaunchScreen.storyboard in Resources */ = {isa = PBXBuildFile; fileRef = 923B5D8827B66E1C000C91AC /* LaunchScreen.storyboard */; };
		923B5D9527B66E1C000C91AC /* MarvelDemoTests.swift in Sources */ = {isa = PBXBuildFile; fileRef = 923B5D9427B66E1C000C91AC /* MarvelDemoTests.swift */; };
		923B5DA027B66E1C000C91AC /* MarvelDemoUITests.swift in Sources */ = {isa = PBXBuildFile; fileRef = 923B5D9F27B66E1C000C91AC /* MarvelDemoUITests.swift */; };
		923B5DD427B66E86000C91AC /* UIViewController+Extension.swift in Sources */ = {isa = PBXBuildFile; fileRef = 923B5DBC27B66E86000C91AC /* UIViewController+Extension.swift */; };
		923B5DD527B66E86000C91AC /* ImageCacheLoader.swift in Sources */ = {isa = PBXBuildFile; fileRef = 923B5DBD27B66E86000C91AC /* ImageCacheLoader.swift */; };
		923B5DD627B66E86000C91AC /* MD5StringEncription.swift in Sources */ = {isa = PBXBuildFile; fileRef = 923B5DBE27B66E86000C91AC /* MD5StringEncription.swift */; };
		923B5DD727B66E86000C91AC /* LoaderViewController.swift in Sources */ = {isa = PBXBuildFile; fileRef = 923B5DC027B66E86000C91AC /* LoaderViewController.swift */; };
		923B5DD827B66E86000C91AC /* Loader.storyboard in Resources */ = {isa = PBXBuildFile; fileRef = 923B5DC127B66E86000C91AC /* Loader.storyboard */; };
		923B5DD927B66E86000C91AC /* GlobalUtility.swift in Sources */ = {isa = PBXBuildFile; fileRef = 923B5DC227B66E86000C91AC /* GlobalUtility.swift */; };
		923B5DDA27B66E86000C91AC /* CharacterDetailsViewModel.swift in Sources */ = {isa = PBXBuildFile; fileRef = 923B5DC427B66E86000C91AC /* CharacterDetailsViewModel.swift */; };
		923B5DDB27B66E86000C91AC /* CharacterListViewModel.swift in Sources */ = {isa = PBXBuildFile; fileRef = 923B5DC527B66E86000C91AC /* CharacterListViewModel.swift */; };
		923B5DDC27B66E86000C91AC /* ViewController.swift in Sources */ = {isa = PBXBuildFile; fileRef = 923B5DC727B66E86000C91AC /* ViewController.swift */; };
		923B5DDD27B66E86000C91AC /* CharacterListViewController.swift in Sources */ = {isa = PBXBuildFile; fileRef = 923B5DC827B66E86000C91AC /* CharacterListViewController.swift */; };
		923B5DDE27B66E86000C91AC /* CharacterDetailsViewController.swift in Sources */ = {isa = PBXBuildFile; fileRef = 923B5DC927B66E86000C91AC /* CharacterDetailsViewController.swift */; };
		923B5DDF27B66E86000C91AC /* APIService.swift in Sources */ = {isa = PBXBuildFile; fileRef = 923B5DCB27B66E86000C91AC /* APIService.swift */; };
		923B5DE027B66E86000C91AC /* URLComponent.swift in Sources */ = {isa = PBXBuildFile; fileRef = 923B5DCC27B66E86000C91AC /* URLComponent.swift */; };
		923B5DE127B66E86000C91AC /* AppConstant.swift in Sources */ = {isa = PBXBuildFile; fileRef = 923B5DCE27B66E86000C91AC /* AppConstant.swift */; };
		923B5DE227B66E86000C91AC /* CharacterListTableViewCell.swift in Sources */ = {isa = PBXBuildFile; fileRef = 923B5DD027B66E86000C91AC /* CharacterListTableViewCell.swift */; };
		923B5DE327B66E86000C91AC /* CharacterDetailsModel.swift in Sources */ = {isa = PBXBuildFile; fileRef = 923B5DD227B66E86000C91AC /* CharacterDetailsModel.swift */; };
		923B5DE427B66E86000C91AC /* CharacterListModel.swift in Sources */ = {isa = PBXBuildFile; fileRef = 923B5DD327B66E86000C91AC /* CharacterListModel.swift */; };
		923B5DE927B66EFC000C91AC /* APIServiceTest.swift in Sources */ = {isa = PBXBuildFile; fileRef = 923B5DE827B66EFC000C91AC /* APIServiceTest.swift */; };
		923B5DEE27B66F1F000C91AC /* CharacterListViewModelTest.swift in Sources */ = {isa = PBXBuildFile; fileRef = 923B5DED27B66F1F000C91AC /* CharacterListViewModelTest.swift */; };
/* End PBXBuildFile section */

/* Begin PBXContainerItemProxy section */
		923B5D9127B66E1C000C91AC /* PBXContainerItemProxy */ = {
			isa = PBXContainerItemProxy;
			containerPortal = 923B5D7227B66E1B000C91AC /* Project object */;
			proxyType = 1;
			remoteGlobalIDString = 923B5D7927B66E1B000C91AC;
			remoteInfo = MarvelDemo;
		};
		923B5D9C27B66E1C000C91AC /* PBXContainerItemProxy */ = {
			isa = PBXContainerItemProxy;
			containerPortal = 923B5D7227B66E1B000C91AC /* Project object */;
			proxyType = 1;
			remoteGlobalIDString = 923B5D7927B66E1B000C91AC;
			remoteInfo = MarvelDemo;
		};
/* End PBXContainerItemProxy section */

/* Begin PBXFileReference section */
		923B5D7A27B66E1B000C91AC /* MarvelDemo.app */ = {isa = PBXFileReference; explicitFileType = wrapper.application; includeInIndex = 0; path = MarvelDemo.app; sourceTree = BUILT_PRODUCTS_DIR; };
		923B5D7D27B66E1B000C91AC /* AppDelegate.swift */ = {isa = PBXFileReference; lastKnownFileType = sourcecode.swift; path = AppDelegate.swift; sourceTree = "<group>"; };
		923B5D8427B66E1B000C91AC /* Base */ = {isa = PBXFileReference; lastKnownFileType = file.storyboard; name = Base; path = Base.lproj/Main.storyboard; sourceTree = "<group>"; };
		923B5D8627B66E1C000C91AC /* Assets.xcassets */ = {isa = PBXFileReference; lastKnownFileType = folder.assetcatalog; path = Assets.xcassets; sourceTree = "<group>"; };
		923B5D8927B66E1C000C91AC /* Base */ = {isa = PBXFileReference; lastKnownFileType = file.storyboard; name = Base; path = Base.lproj/LaunchScreen.storyboard; sourceTree = "<group>"; };
		923B5D8B27B66E1C000C91AC /* Info.plist */ = {isa = PBXFileReference; lastKnownFileType = text.plist.xml; path = Info.plist; sourceTree = "<group>"; };
		923B5D9027B66E1C000C91AC /* MarvelDemoTests.xctest */ = {isa = PBXFileReference; explicitFileType = wrapper.cfbundle; includeInIndex = 0; path = MarvelDemoTests.xctest; sourceTree = BUILT_PRODUCTS_DIR; };
		923B5D9427B66E1C000C91AC /* MarvelDemoTests.swift */ = {isa = PBXFileReference; lastKnownFileType = sourcecode.swift; path = MarvelDemoTests.swift; sourceTree = "<group>"; };
		923B5D9627B66E1C000C91AC /* Info.plist */ = {isa = PBXFileReference; lastKnownFileType = text.plist.xml; path = Info.plist; sourceTree = "<group>"; };
		923B5D9B27B66E1C000C91AC /* MarvelDemoUITests.xctest */ = {isa = PBXFileReference; explicitFileType = wrapper.cfbundle; includeInIndex = 0; path = MarvelDemoUITests.xctest; sourceTree = BUILT_PRODUCTS_DIR; };
		923B5D9F27B66E1C000C91AC /* MarvelDemoUITests.swift */ = {isa = PBXFileReference; lastKnownFileType = sourcecode.swift; path = MarvelDemoUITests.swift; sourceTree = "<group>"; };
		923B5DA127B66E1C000C91AC /* Info.plist */ = {isa = PBXFileReference; lastKnownFileType = text.plist.xml; path = Info.plist; sourceTree = "<group>"; };
		923B5DBC27B66E86000C91AC /* UIViewController+Extension.swift */ = {isa = PBXFileReference; fileEncoding = 4; lastKnownFileType = sourcecode.swift; path = "UIViewController+Extension.swift"; sourceTree = "<group>"; };
		923B5DBD27B66E86000C91AC /* ImageCacheLoader.swift */ = {isa = PBXFileReference; fileEncoding = 4; lastKnownFileType = sourcecode.swift; path = ImageCacheLoader.swift; sourceTree = "<group>"; };
		923B5DBE27B66E86000C91AC /* MD5StringEncription.swift */ = {isa = PBXFileReference; fileEncoding = 4; lastKnownFileType = sourcecode.swift; path = MD5StringEncription.swift; sourceTree = "<group>"; };
		923B5DC027B66E86000C91AC /* LoaderViewController.swift */ = {isa = PBXFileReference; fileEncoding = 4; lastKnownFileType = sourcecode.swift; path = LoaderViewController.swift; sourceTree = "<group>"; };
		923B5DC127B66E86000C91AC /* Loader.storyboard */ = {isa = PBXFileReference; fileEncoding = 4; lastKnownFileType = file.storyboard; path = Loader.storyboard; sourceTree = "<group>"; };
		923B5DC227B66E86000C91AC /* GlobalUtility.swift */ = {isa = PBXFileReference; fileEncoding = 4; lastKnownFileType = sourcecode.swift; path = GlobalUtility.swift; sourceTree = "<group>"; };
		923B5DC427B66E86000C91AC /* CharacterDetailsViewModel.swift */ = {isa = PBXFileReference; fileEncoding = 4; lastKnownFileType = sourcecode.swift; path = CharacterDetailsViewModel.swift; sourceTree = "<group>"; };
		923B5DC527B66E86000C91AC /* CharacterListViewModel.swift */ = {isa = PBXFileReference; fileEncoding = 4; lastKnownFileType = sourcecode.swift; path = CharacterListViewModel.swift; sourceTree = "<group>"; };
		923B5DC727B66E86000C91AC /* ViewController.swift */ = {isa = PBXFileReference; fileEncoding = 4; lastKnownFileType = sourcecode.swift; path = ViewController.swift; sourceTree = "<group>"; };
		923B5DC827B66E86000C91AC /* CharacterListViewController.swift */ = {isa = PBXFileReference; fileEncoding = 4; lastKnownFileType = sourcecode.swift; path = CharacterListViewController.swift; sourceTree = "<group>"; };
		923B5DC927B66E86000C91AC /* CharacterDetailsViewController.swift */ = {isa = PBXFileReference; fileEncoding = 4; lastKnownFileType = sourcecode.swift; path = CharacterDetailsViewController.swift; sourceTree = "<group>"; };
		923B5DCB27B66E86000C91AC /* APIService.swift */ = {isa = PBXFileReference; fileEncoding = 4; lastKnownFileType = sourcecode.swift; path = APIService.swift; sourceTree = "<group>"; };
		923B5DCC27B66E86000C91AC /* URLComponent.swift */ = {isa = PBXFileReference; fileEncoding = 4; lastKnownFileType = sourcecode.swift; path = URLComponent.swift; sourceTree = "<group>"; };
		923B5DCE27B66E86000C91AC /* AppConstant.swift */ = {isa = PBXFileReference; fileEncoding = 4; lastKnownFileType = sourcecode.swift; path = AppConstant.swift; sourceTree = "<group>"; };
		923B5DD027B66E86000C91AC /* CharacterListTableViewCell.swift */ = {isa = PBXFileReference; fileEncoding = 4; lastKnownFileType = sourcecode.swift; path = CharacterListTableViewCell.swift; sourceTree = "<group>"; };
		923B5DD227B66E86000C91AC /* CharacterDetailsModel.swift */ = {isa = PBXFileReference; fileEncoding = 4; lastKnownFileType = sourcecode.swift; path = CharacterDetailsModel.swift; sourceTree = "<group>"; };
		923B5DD327B66E86000C91AC /* CharacterListModel.swift */ = {isa = PBXFileReference; fileEncoding = 4; lastKnownFileType = sourcecode.swift; path = CharacterListModel.swift; sourceTree = "<group>"; };
		923B5DE827B66EFC000C91AC /* APIServiceTest.swift */ = {isa = PBXFileReference; lastKnownFileType = sourcecode.swift; path = APIServiceTest.swift; sourceTree = "<group>"; };
		923B5DED27B66F1F000C91AC /* CharacterListViewModelTest.swift */ = {isa = PBXFileReference; lastKnownFileType = sourcecode.swift; path = CharacterListViewModelTest.swift; sourceTree = "<group>"; };
/* End PBXFileReference section */

/* Begin PBXFrameworksBuildPhase section */
		923B5D7727B66E1B000C91AC /* Frameworks */ = {
			isa = PBXFrameworksBuildPhase;
			buildActionMask = 2147483647;
			files = (
			);
			runOnlyForDeploymentPostprocessing = 0;
		};
		923B5D8D27B66E1C000C91AC /* Frameworks */ = {
			isa = PBXFrameworksBuildPhase;
			buildActionMask = 2147483647;
			files = (
			);
			runOnlyForDeploymentPostprocessing = 0;
		};
		923B5D9827B66E1C000C91AC /* Frameworks */ = {
			isa = PBXFrameworksBuildPhase;
			buildActionMask = 2147483647;
			files = (
			);
			runOnlyForDeploymentPostprocessing = 0;
		};
/* End PBXFrameworksBuildPhase section */

/* Begin PBXGroup section */
		923B5D7127B66E1B000C91AC = {
			isa = PBXGroup;
			children = (
				923B5D7C27B66E1B000C91AC /* MarvelDemo */,
				923B5D9327B66E1C000C91AC /* MarvelDemoTests */,
				923B5D9E27B66E1C000C91AC /* MarvelDemoUITests */,
				923B5D7B27B66E1B000C91AC /* Products */,
			);
			sourceTree = "<group>";
		};
		923B5D7B27B66E1B000C91AC /* Products */ = {
			isa = PBXGroup;
			children = (
				923B5D7A27B66E1B000C91AC /* MarvelDemo.app */,
				923B5D9027B66E1C000C91AC /* MarvelDemoTests.xctest */,
				923B5D9B27B66E1C000C91AC /* MarvelDemoUITests.xctest */,
			);
			name = Products;
			sourceTree = "<group>";
		};
		923B5D7C27B66E1B000C91AC /* MarvelDemo */ = {
			isa = PBXGroup;
			children = (
				923B5DCD27B66E86000C91AC /* AppConstants */,
				923B5DCF27B66E86000C91AC /* Cells */,
				923B5DBB27B66E86000C91AC /* Common */,
				923B5DC627B66E86000C91AC /* Controllers */,
				923B5DD127B66E86000C91AC /* Model */,
				923B5DCA27B66E86000C91AC /* Service */,
				923B5DC327B66E86000C91AC /* ViewModel */,
				923B5DB727B66E63000C91AC /* AppDelegate */,
				923B5DB627B66E4F000C91AC /* Storyboard */,
				923B5D8627B66E1C000C91AC /* Assets.xcassets */,
				923B5D8827B66E1C000C91AC /* LaunchScreen.storyboard */,
				923B5D8B27B66E1C000C91AC /* Info.plist */,
			);
			path = MarvelDemo;
			sourceTree = "<group>";
		};
		923B5D9327B66E1C000C91AC /* MarvelDemoTests */ = {
			isa = PBXGroup;
			children = (
				923B5D9427B66E1C000C91AC /* MarvelDemoTests.swift */,
				923B5D9627B66E1C000C91AC /* Info.plist */,
				923B5DE827B66EFC000C91AC /* APIServiceTest.swift */,
				923B5DED27B66F1F000C91AC /* CharacterListViewModelTest.swift */,
			);
			path = MarvelDemoTests;
			sourceTree = "<group>";
		};
		923B5D9E27B66E1C000C91AC /* MarvelDemoUITests */ = {
			isa = PBXGroup;
			children = (
				923B5D9F27B66E1C000C91AC /* MarvelDemoUITests.swift */,
				923B5DA127B66E1C000C91AC /* Info.plist */,
			);
			path = MarvelDemoUITests;
			sourceTree = "<group>";
		};
		923B5DB627B66E4F000C91AC /* Storyboard */ = {
			isa = PBXGroup;
			children = (
				923B5D8327B66E1B000C91AC /* Main.storyboard */,
			);
			path = Storyboard;
			sourceTree = "<group>";
		};
		923B5DB727B66E63000C91AC /* AppDelegate */ = {
			isa = PBXGroup;
			children = (
				923B5D7D27B66E1B000C91AC /* AppDelegate.swift */,
			);
			path = AppDelegate;
			sourceTree = "<group>";
		};
		923B5DBB27B66E86000C91AC /* Common */ = {
			isa = PBXGroup;
			children = (
				923B5DBC27B66E86000C91AC /* UIViewController+Extension.swift */,
				923B5DBD27B66E86000C91AC /* ImageCacheLoader.swift */,
				923B5DBE27B66E86000C91AC /* MD5StringEncription.swift */,
				923B5DBF27B66E86000C91AC /* Loader */,
				923B5DC227B66E86000C91AC /* GlobalUtility.swift */,
			);
			path = Common;
			sourceTree = "<group>";
		};
		923B5DBF27B66E86000C91AC /* Loader */ = {
			isa = PBXGroup;
			children = (
				923B5DC027B66E86000C91AC /* LoaderViewController.swift */,
				923B5DC127B66E86000C91AC /* Loader.storyboard */,
			);
			path = Loader;
			sourceTree = "<group>";
		};
		923B5DC327B66E86000C91AC /* ViewModel */ = {
			isa = PBXGroup;
			children = (
				923B5DC427B66E86000C91AC /* CharacterDetailsViewModel.swift */,
				923B5DC527B66E86000C91AC /* CharacterListViewModel.swift */,
			);
			path = ViewModel;
			sourceTree = "<group>";
		};
		923B5DC627B66E86000C91AC /* Controllers */ = {
			isa = PBXGroup;
			children = (
				923B5DC727B66E86000C91AC /* ViewController.swift */,
				923B5DC827B66E86000C91AC /* CharacterListViewController.swift */,
				923B5DC927B66E86000C91AC /* CharacterDetailsViewController.swift */,
			);
			path = Controllers;
			sourceTree = "<group>";
		};
		923B5DCA27B66E86000C91AC /* Service */ = {
			isa = PBXGroup;
			children = (
				923B5DCB27B66E86000C91AC /* APIService.swift */,
				923B5DCC27B66E86000C91AC /* URLComponent.swift */,
			);
			path = Service;
			sourceTree = "<group>";
		};
		923B5DCD27B66E86000C91AC /* AppConstants */ = {
			isa = PBXGroup;
			children = (
				923B5DCE27B66E86000C91AC /* AppConstant.swift */,
			);
			path = AppConstants;
			sourceTree = "<group>";
		};
		923B5DCF27B66E86000C91AC /* Cells */ = {
			isa = PBXGroup;
			children = (
				923B5DD027B66E86000C91AC /* CharacterListTableViewCell.swift */,
			);
			path = Cells;
			sourceTree = "<group>";
		};
		923B5DD127B66E86000C91AC /* Model */ = {
			isa = PBXGroup;
			children = (
				923B5DD227B66E86000C91AC /* CharacterDetailsModel.swift */,
				923B5DD327B66E86000C91AC /* CharacterListModel.swift */,
			);
			path = Model;
			sourceTree = "<group>";
		};
/* End PBXGroup section */

/* Begin PBXNativeTarget section */
		923B5D7927B66E1B000C91AC /* MarvelDemo */ = {
			isa = PBXNativeTarget;
			buildConfigurationList = 923B5DA427B66E1C000C91AC /* Build configuration list for PBXNativeTarget "MarvelDemo" */;
			buildPhases = (
				923B5D7627B66E1B000C91AC /* Sources */,
				923B5D7727B66E1B000C91AC /* Frameworks */,
				923B5D7827B66E1B000C91AC /* Resources */,
			);
			buildRules = (
			);
			dependencies = (
			);
			name = MarvelDemo;
			productName = MarvelDemo;
			productReference = 923B5D7A27B66E1B000C91AC /* MarvelDemo.app */;
			productType = "com.apple.product-type.application";
		};
		923B5D8F27B66E1C000C91AC /* MarvelDemoTests */ = {
			isa = PBXNativeTarget;
			buildConfigurationList = 923B5DA727B66E1C000C91AC /* Build configuration list for PBXNativeTarget "MarvelDemoTests" */;
			buildPhases = (
				923B5D8C27B66E1C000C91AC /* Sources */,
				923B5D8D27B66E1C000C91AC /* Frameworks */,
				923B5D8E27B66E1C000C91AC /* Resources */,
			);
			buildRules = (
			);
			dependencies = (
				923B5D9227B66E1C000C91AC /* PBXTargetDependency */,
			);
			name = MarvelDemoTests;
			productName = MarvelDemoTests;
			productReference = 923B5D9027B66E1C000C91AC /* MarvelDemoTests.xctest */;
			productType = "com.apple.product-type.bundle.unit-test";
		};
		923B5D9A27B66E1C000C91AC /* MarvelDemoUITests */ = {
			isa = PBXNativeTarget;
			buildConfigurationList = 923B5DAA27B66E1C000C91AC /* Build configuration list for PBXNativeTarget "MarvelDemoUITests" */;
			buildPhases = (
				923B5D9727B66E1C000C91AC /* Sources */,
				923B5D9827B66E1C000C91AC /* Frameworks */,
				923B5D9927B66E1C000C91AC /* Resources */,
			);
			buildRules = (
			);
			dependencies = (
				923B5D9D27B66E1C000C91AC /* PBXTargetDependency */,
			);
			name = MarvelDemoUITests;
			productName = MarvelDemoUITests;
			productReference = 923B5D9B27B66E1C000C91AC /* MarvelDemoUITests.xctest */;
			productType = "com.apple.product-type.bundle.ui-testing";
		};
/* End PBXNativeTarget section */

/* Begin PBXProject section */
		923B5D7227B66E1B000C91AC /* Project object */ = {
			isa = PBXProject;
			attributes = {
				LastSwiftUpdateCheck = 1230;
				LastUpgradeCheck = 1230;
				TargetAttributes = {
					923B5D7927B66E1B000C91AC = {
						CreatedOnToolsVersion = 12.3;
					};
					923B5D8F27B66E1C000C91AC = {
						CreatedOnToolsVersion = 12.3;
						TestTargetID = 923B5D7927B66E1B000C91AC;
					};
					923B5D9A27B66E1C000C91AC = {
						CreatedOnToolsVersion = 12.3;
						TestTargetID = 923B5D7927B66E1B000C91AC;
					};
				};
			};
			buildConfigurationList = 923B5D7527B66E1B000C91AC /* Build configuration list for PBXProject "MarvelDemo" */;
			compatibilityVersion = "Xcode 9.3";
			developmentRegion = en;
			hasScannedForEncodings = 0;
			knownRegions = (
				en,
				Base,
			);
			mainGroup = 923B5D7127B66E1B000C91AC;
			productRefGroup = 923B5D7B27B66E1B000C91AC /* Products */;
			projectDirPath = "";
			projectRoot = "";
			targets = (
				923B5D7927B66E1B000C91AC /* MarvelDemo */,
				923B5D8F27B66E1C000C91AC /* MarvelDemoTests */,
				923B5D9A27B66E1C000C91AC /* MarvelDemoUITests */,
			);
		};
/* End PBXProject section */

/* Begin PBXResourcesBuildPhase section */
		923B5D7827B66E1B000C91AC /* Resources */ = {
			isa = PBXResourcesBuildPhase;
			buildActionMask = 2147483647;
			files = (
				923B5D8A27B66E1C000C91AC /* LaunchScreen.storyboard in Resources */,
				923B5D8727B66E1C000C91AC /* Assets.xcassets in Resources */,
				923B5D8527B66E1B000C91AC /* Main.storyboard in Resources */,
				923B5DD827B66E86000C91AC /* Loader.storyboard in Resources */,
			);
			runOnlyForDeploymentPostprocessing = 0;
		};
		923B5D8E27B66E1C000C91AC /* Resources */ = {
			isa = PBXResourcesBuildPhase;
			buildActionMask = 2147483647;
			files = (
			);
			runOnlyForDeploymentPostprocessing = 0;
		};
		923B5D9927B66E1C000C91AC /* Resources */ = {
			isa = PBXResourcesBuildPhase;
			buildActionMask = 2147483647;
			files = (
			);
			runOnlyForDeploymentPostprocessing = 0;
		};
/* End PBXResourcesBuildPhase section */

/* Begin PBXSourcesBuildPhase section */
		923B5D7627B66E1B000C91AC /* Sources */ = {
			isa = PBXSourcesBuildPhase;
			buildActionMask = 2147483647;
			files = (
				923B5DD727B66E86000C91AC /* LoaderViewController.swift in Sources */,
				923B5DD627B66E86000C91AC /* MD5StringEncription.swift in Sources */,
				923B5DE227B66E86000C91AC /* CharacterListTableViewCell.swift in Sources */,
				923B5DDD27B66E86000C91AC /* CharacterListViewController.swift in Sources */,
				923B5DDA27B66E86000C91AC /* CharacterDetailsViewModel.swift in Sources */,
				923B5DDE27B66E86000C91AC /* CharacterDetailsViewController.swift in Sources */,
				923B5DDC27B66E86000C91AC /* ViewController.swift in Sources */,
				923B5DD527B66E86000C91AC /* ImageCacheLoader.swift in Sources */,
				923B5DE027B66E86000C91AC /* URLComponent.swift in Sources */,
				923B5DDB27B66E86000C91AC /* CharacterListViewModel.swift in Sources */,
				923B5DE327B66E86000C91AC /* CharacterDetailsModel.swift in Sources */,
				923B5DE127B66E86000C91AC /* AppConstant.swift in Sources */,
				923B5DD927B66E86000C91AC /* GlobalUtility.swift in Sources */,
				923B5DE427B66E86000C91AC /* CharacterListModel.swift in Sources */,
				923B5DD427B66E86000C91AC /* UIViewController+Extension.swift in Sources */,
				923B5DDF27B66E86000C91AC /* APIService.swift in Sources */,
				923B5D7E27B66E1B000C91AC /* AppDelegate.swift in Sources */,
			);
			runOnlyForDeploymentPostprocessing = 0;
		};
		923B5D8C27B66E1C000C91AC /* Sources */ = {
			isa = PBXSourcesBuildPhase;
			buildActionMask = 2147483647;
			files = (
				923B5DE927B66EFC000C91AC /* APIServiceTest.swift in Sources */,
				923B5D9527B66E1C000C91AC /* MarvelDemoTests.swift in Sources */,
				923B5DEE27B66F1F000C91AC /* CharacterListViewModelTest.swift in Sources */,
			);
			runOnlyForDeploymentPostprocessing = 0;
		};
		923B5D9727B66E1C000C91AC /* Sources */ = {
			isa = PBXSourcesBuildPhase;
			buildActionMask = 2147483647;
			files = (
				923B5DA027B66E1C000C91AC /* MarvelDemoUITests.swift in Sources */,
			);
			runOnlyForDeploymentPostprocessing = 0;
		};
/* End PBXSourcesBuildPhase section */

/* Begin PBXTargetDependency section */
		923B5D9227B66E1C000C91AC /* PBXTargetDependency */ = {
			isa = PBXTargetDependency;
			target = 923B5D7927B66E1B000C91AC /* MarvelDemo */;
			targetProxy = 923B5D9127B66E1C000C91AC /* PBXContainerItemProxy */;
		};
		923B5D9D27B66E1C000C91AC /* PBXTargetDependency */ = {
			isa = PBXTargetDependency;
			target = 923B5D7927B66E1B000C91AC /* MarvelDemo */;
			targetProxy = 923B5D9C27B66E1C000C91AC /* PBXContainerItemProxy */;
		};
/* End PBXTargetDependency section */

/* Begin PBXVariantGroup section */
		923B5D8327B66E1B000C91AC /* Main.storyboard */ = {
			isa = PBXVariantGroup;
			children = (
				923B5D8427B66E1B000C91AC /* Base */,
			);
			name = Main.storyboard;
			sourceTree = "<group>";
		};
		923B5D8827B66E1C000C91AC /* LaunchScreen.storyboard */ = {
			isa = PBXVariantGroup;
			children = (
				923B5D8927B66E1C000C91AC /* Base */,
			);
			name = LaunchScreen.storyboard;
			sourceTree = "<group>";
		};
/* End PBXVariantGroup section */

/* Begin XCBuildConfiguration section */
		923B5DA227B66E1C000C91AC /* Debug */ = {
			isa = XCBuildConfiguration;
			buildSettings = {
				ALWAYS_SEARCH_USER_PATHS = NO;
				CLANG_ANALYZER_NONNULL = YES;
				CLANG_ANALYZER_NUMBER_OBJECT_CONVERSION = YES_AGGRESSIVE;
				CLANG_CXX_LANGUAGE_STANDARD = "gnu++14";
				CLANG_CXX_LIBRARY = "libc++";
				CLANG_ENABLE_MODULES = YES;
				CLANG_ENABLE_OBJC_ARC = YES;
				CLANG_ENABLE_OBJC_WEAK = YES;
				CLANG_WARN_BLOCK_CAPTURE_AUTORELEASING = YES;
				CLANG_WARN_BOOL_CONVERSION = YES;
				CLANG_WARN_COMMA = YES;
				CLANG_WARN_CONSTANT_CONVERSION = YES;
				CLANG_WARN_DEPRECATED_OBJC_IMPLEMENTATIONS = YES;
				CLANG_WARN_DIRECT_OBJC_ISA_USAGE = YES_ERROR;
				CLANG_WARN_DOCUMENTATION_COMMENTS = YES;
				CLANG_WARN_EMPTY_BODY = YES;
				CLANG_WARN_ENUM_CONVERSION = YES;
				CLANG_WARN_INFINITE_RECURSION = YES;
				CLANG_WARN_INT_CONVERSION = YES;
				CLANG_WARN_NON_LITERAL_NULL_CONVERSION = YES;
				CLANG_WARN_OBJC_IMPLICIT_RETAIN_SELF = YES;
				CLANG_WARN_OBJC_LITERAL_CONVERSION = YES;
				CLANG_WARN_OBJC_ROOT_CLASS = YES_ERROR;
				CLANG_WARN_QUOTED_INCLUDE_IN_FRAMEWORK_HEADER = YES;
				CLANG_WARN_RANGE_LOOP_ANALYSIS = YES;
				CLANG_WARN_STRICT_PROTOTYPES = YES;
				CLANG_WARN_SUSPICIOUS_MOVE = YES;
				CLANG_WARN_UNGUARDED_AVAILABILITY = YES_AGGRESSIVE;
				CLANG_WARN_UNREACHABLE_CODE = YES;
				CLANG_WARN__DUPLICATE_METHOD_MATCH = YES;
				COPY_PHASE_STRIP = NO;
				DEBUG_INFORMATION_FORMAT = dwarf;
				ENABLE_STRICT_OBJC_MSGSEND = YES;
				ENABLE_TESTABILITY = YES;
				GCC_C_LANGUAGE_STANDARD = gnu11;
				GCC_DYNAMIC_NO_PIC = NO;
				GCC_NO_COMMON_BLOCKS = YES;
				GCC_OPTIMIZATION_LEVEL = 0;
				GCC_PREPROCESSOR_DEFINITIONS = (
					"DEBUG=1",
					"$(inherited)",
				);
				GCC_WARN_64_TO_32_BIT_CONVERSION = YES;
				GCC_WARN_ABOUT_RETURN_TYPE = YES_ERROR;
				GCC_WARN_UNDECLARED_SELECTOR = YES;
				GCC_WARN_UNINITIALIZED_AUTOS = YES_AGGRESSIVE;
				GCC_WARN_UNUSED_FUNCTION = YES;
				GCC_WARN_UNUSED_VARIABLE = YES;
				IPHONEOS_DEPLOYMENT_TARGET = 14.3;
				MTL_ENABLE_DEBUG_INFO = INCLUDE_SOURCE;
				MTL_FAST_MATH = YES;
				ONLY_ACTIVE_ARCH = YES;
				SDKROOT = iphoneos;
				SWIFT_ACTIVE_COMPILATION_CONDITIONS = DEBUG;
				SWIFT_OPTIMIZATION_LEVEL = "-Onone";
			};
			name = Debug;
		};
		923B5DA327B66E1C000C91AC /* Release */ = {
			isa = XCBuildConfiguration;
			buildSettings = {
				ALWAYS_SEARCH_USER_PATHS = NO;
				CLANG_ANALYZER_NONNULL = YES;
				CLANG_ANALYZER_NUMBER_OBJECT_CONVERSION = YES_AGGRESSIVE;
				CLANG_CXX_LANGUAGE_STANDARD = "gnu++14";
				CLANG_CXX_LIBRARY = "libc++";
				CLANG_ENABLE_MODULES = YES;
				CLANG_ENABLE_OBJC_ARC = YES;
				CLANG_ENABLE_OBJC_WEAK = YES;
				CLANG_WARN_BLOCK_CAPTURE_AUTORELEASING = YES;
				CLANG_WARN_BOOL_CONVERSION = YES;
				CLANG_WARN_COMMA = YES;
				CLANG_WARN_CONSTANT_CONVERSION = YES;
				CLANG_WARN_DEPRECATED_OBJC_IMPLEMENTATIONS = YES;
				CLANG_WARN_DIRECT_OBJC_ISA_USAGE = YES_ERROR;
				CLANG_WARN_DOCUMENTATION_COMMENTS = YES;
				CLANG_WARN_EMPTY_BODY = YES;
				CLANG_WARN_ENUM_CONVERSION = YES;
				CLANG_WARN_INFINITE_RECURSION = YES;
				CLANG_WARN_INT_CONVERSION = YES;
				CLANG_WARN_NON_LITERAL_NULL_CONVERSION = YES;
				CLANG_WARN_OBJC_IMPLICIT_RETAIN_SELF = YES;
				CLANG_WARN_OBJC_LITERAL_CONVERSION = YES;
				CLANG_WARN_OBJC_ROOT_CLASS = YES_ERROR;
				CLANG_WARN_QUOTED_INCLUDE_IN_FRAMEWORK_HEADER = YES;
				CLANG_WARN_RANGE_LOOP_ANALYSIS = YES;
				CLANG_WARN_STRICT_PROTOTYPES = YES;
				CLANG_WARN_SUSPICIOUS_MOVE = YES;
				CLANG_WARN_UNGUARDED_AVAILABILITY = YES_AGGRESSIVE;
				CLANG_WARN_UNREACHABLE_CODE = YES;
				CLANG_WARN__DUPLICATE_METHOD_MATCH = YES;
				COPY_PHASE_STRIP = NO;
				DEBUG_INFORMATION_FORMAT = "dwarf-with-dsym";
				ENABLE_NS_ASSERTIONS = NO;
				ENABLE_STRICT_OBJC_MSGSEND = YES;
				GCC_C_LANGUAGE_STANDARD = gnu11;
				GCC_NO_COMMON_BLOCKS = YES;
				GCC_WARN_64_TO_32_BIT_CONVERSION = YES;
				GCC_WARN_ABOUT_RETURN_TYPE = YES_ERROR;
				GCC_WARN_UNDECLARED_SELECTOR = YES;
				GCC_WARN_UNINITIALIZED_AUTOS = YES_AGGRESSIVE;
				GCC_WARN_UNUSED_FUNCTION = YES;
				GCC_WARN_UNUSED_VARIABLE = YES;
				IPHONEOS_DEPLOYMENT_TARGET = 14.3;
				MTL_ENABLE_DEBUG_INFO = NO;
				MTL_FAST_MATH = YES;
				SDKROOT = iphoneos;
				SWIFT_COMPILATION_MODE = wholemodule;
				SWIFT_OPTIMIZATION_LEVEL = "-O";
				VALIDATE_PRODUCT = YES;
			};
			name = Release;
		};
		923B5DA527B66E1C000C91AC /* Debug */ = {
			isa = XCBuildConfiguration;
			buildSettings = {
				ASSETCATALOG_COMPILER_APPICON_NAME = AppIcon;
				ASSETCATALOG_COMPILER_GLOBAL_ACCENT_COLOR_NAME = AccentColor;
				CODE_SIGN_STYLE = Automatic;
				INFOPLIST_FILE = MarvelDemo/Info.plist;
				IPHONEOS_DEPLOYMENT_TARGET = 12.0;
				LD_RUNPATH_SEARCH_PATHS = (
					"$(inherited)",
					"@executable_path/Frameworks",
				);
				PRODUCT_BUNDLE_IDENTIFIER = com.holygolee.MarvelDemo;
				PRODUCT_NAME = "$(TARGET_NAME)";
				SWIFT_VERSION = 5.0;
				TARGETED_DEVICE_FAMILY = 1;
			};
			name = Debug;
		};
		923B5DA627B66E1C000C91AC /* Release */ = {
			isa = XCBuildConfiguration;
			buildSettings = {
				ASSETCATALOG_COMPILER_APPICON_NAME = AppIcon;
				ASSETCATALOG_COMPILER_GLOBAL_ACCENT_COLOR_NAME = AccentColor;
				CODE_SIGN_STYLE = Automatic;
				INFOPLIST_FILE = MarvelDemo/Info.plist;
				IPHONEOS_DEPLOYMENT_TARGET = 12.0;
				LD_RUNPATH_SEARCH_PATHS = (
					"$(inherited)",
					"@executable_path/Frameworks",
				);
				PRODUCT_BUNDLE_IDENTIFIER = com.holygolee.MarvelDemo;
				PRODUCT_NAME = "$(TARGET_NAME)";
				SWIFT_VERSION = 5.0;
				TARGETED_DEVICE_FAMILY = 1;
			};
			name = Release;
		};
		923B5DA827B66E1C000C91AC /* Debug */ = {
			isa = XCBuildConfiguration;
			buildSettings = {
				ALWAYS_EMBED_SWIFT_STANDARD_LIBRARIES = YES;
				BUNDLE_LOADER = "$(TEST_HOST)";
				CODE_SIGN_STYLE = Automatic;
				INFOPLIST_FILE = MarvelDemoTests/Info.plist;
				IPHONEOS_DEPLOYMENT_TARGET = 14.3;
				LD_RUNPATH_SEARCH_PATHS = (
					"$(inherited)",
					"@executable_path/Frameworks",
					"@loader_path/Frameworks",
				);
				PRODUCT_BUNDLE_IDENTIFIER = com.holygolee.MarvelDemoTests;
				PRODUCT_NAME = "$(TARGET_NAME)";
				SWIFT_VERSION = 5.0;
				TARGETED_DEVICE_FAMILY = "1,2";
				TEST_HOST = "$(BUILT_PRODUCTS_DIR)/MarvelDemo.app/MarvelDemo";
			};
			name = Debug;
		};
		923B5DA927B66E1C000C91AC /* Release */ = {
			isa = XCBuildConfiguration;
			buildSettings = {
				ALWAYS_EMBED_SWIFT_STANDARD_LIBRARIES = YES;
				BUNDLE_LOADER = "$(TEST_HOST)";
				CODE_SIGN_STYLE = Automatic;
				INFOPLIST_FILE = MarvelDemoTests/Info.plist;
				IPHONEOS_DEPLOYMENT_TARGET = 14.3;
				LD_RUNPATH_SEARCH_PATHS = (
					"$(inherited)",
					"@executable_path/Frameworks",
					"@loader_path/Frameworks",
				);
				PRODUCT_BUNDLE_IDENTIFIER = com.holygolee.MarvelDemoTests;
				PRODUCT_NAME = "$(TARGET_NAME)";
				SWIFT_VERSION = 5.0;
				TARGETED_DEVICE_FAMILY = "1,2";
				TEST_HOST = "$(BUILT_PRODUCTS_DIR)/MarvelDemo.app/MarvelDemo";
			};
			name = Release;
		};
		923B5DAB27B66E1C000C91AC /* Debug */ = {
			isa = XCBuildConfiguration;
			buildSettings = {
				ALWAYS_EMBED_SWIFT_STANDARD_LIBRARIES = YES;
				CODE_SIGN_STYLE = Automatic;
				INFOPLIST_FILE = MarvelDemoUITests/Info.plist;
				LD_RUNPATH_SEARCH_PATHS = (
					"$(inherited)",
					"@executable_path/Frameworks",
					"@loader_path/Frameworks",
				);
				PRODUCT_BUNDLE_IDENTIFIER = com.holygolee.MarvelDemoUITests;
				PRODUCT_NAME = "$(TARGET_NAME)";
				SWIFT_VERSION = 5.0;
				TARGETED_DEVICE_FAMILY = "1,2";
				TEST_TARGET_NAME = MarvelDemo;
			};
			name = Debug;
		};
		923B5DAC27B66E1C000C91AC /* Release */ = {
			isa = XCBuildConfiguration;
			buildSettings = {
				ALWAYS_EMBED_SWIFT_STANDARD_LIBRARIES = YES;
				CODE_SIGN_STYLE = Automatic;
				INFOPLIST_FILE = MarvelDemoUITests/Info.plist;
				LD_RUNPATH_SEARCH_PATHS = (
					"$(inherited)",
					"@executable_path/Frameworks",
					"@loader_path/Frameworks",
				);
				PRODUCT_BUNDLE_IDENTIFIER = com.holygolee.MarvelDemoUITests;
				PRODUCT_NAME = "$(TARGET_NAME)";
				SWIFT_VERSION = 5.0;
				TARGETED_DEVICE_FAMILY = "1,2";
				TEST_TARGET_NAME = MarvelDemo;
			};
			name = Release;
		};
/* End XCBuildConfiguration section */

/* Begin XCConfigurationList section */
		923B5D7527B66E1B000C91AC /* Build configuration list for PBXProject "MarvelDemo" */ = {
			isa = XCConfigurationList;
			buildConfigurations = (
				923B5DA227B66E1C000C91AC /* Debug */,
				923B5DA327B66E1C000C91AC /* Release */,
			);
			defaultConfigurationIsVisible = 0;
			defaultConfigurationName = Release;
		};
		923B5DA427B66E1C000C91AC /* Build configuration list for PBXNativeTarget "MarvelDemo" */ = {
			isa = XCConfigurationList;
			buildConfigurations = (
				923B5DA527B66E1C000C91AC /* Debug */,
				923B5DA627B66E1C000C91AC /* Release */,
			);
			defaultConfigurationIsVisible = 0;
			defaultConfigurationName = Release;
		};
		923B5DA727B66E1C000C91AC /* Build configuration list for PBXNativeTarget "MarvelDemoTests" */ = {
			isa = XCConfigurationList;
			buildConfigurations = (
				923B5DA827B66E1C000C91AC /* Debug */,
				923B5DA927B66E1C000C91AC /* Release */,
			);
			defaultConfigurationIsVisible = 0;
			defaultConfigurationName = Release;
		};
		923B5DAA27B66E1C000C91AC /* Build configuration list for PBXNativeTarget "MarvelDemoUITests" */ = {
			isa = XCConfigurationList;
			buildConfigurations = (
				923B5DAB27B66E1C000C91AC /* Debug */,
				923B5DAC27B66E1C000C91AC /* Release */,
			);
			defaultConfigurationIsVisible = 0;
			defaultConfigurationName = Release;
		};
/* End XCConfigurationList section */
	};
	rootObject = 923B5D7227B66E1B000C91AC /* Project object */;
}
